{
  "requires": true,
  "lockfileVersion": 1,
  "dependencies": {
    "alertifyjs": {
      "version": "1.13.1",
      "resolved": "https://registry.npmjs.org/alertifyjs/-/alertifyjs-1.13.1.tgz",
      "integrity": "sha512-CckZE2dZDsEEXglOXKxT00vUDV5A6udZom+bn1XHdIWlbSFZgYq7UXCBlwkShhIH3Li/1VxLmr55GOQFQ12WSg=="
    },
    "ngx-bootstrap": {
      "version": "5.5.0",
      "resolved": "https://registry.npmjs.org/ngx-bootstrap/-/ngx-bootstrap-5.5.0.tgz",
      "integrity": "sha512-BJeghbkKFQl49sg3GIYQyjvwaHn64xFOsinBVD8HWKOVpRJSnuafrjXByGDtfq35jGY4R+7iBLksM1IYLUPshg=="
    }
  }
}
